// !$*UTF8*$!
{
	archiveVersion = 1;
	classes = {
	};
	objectVersion = 56;
	objects = {

		AA000001 /* PromptlyApp.swift in Sources */ = {isa = PBXBuildFile; fileRef = AB000001; };
		AA000002 /* Models.swift in Sources */ = {isa = PBXBuildFile; fileRef = AB000002; };
		AA000003 /* AuthService.swift in Sources */ = {isa = PBXBuildFile; fileRef = AB000003; };
		AA000004 /* APIService.swift in Sources */ = {isa = PBXBuildFile; fileRef = AB000004; };
		AA000005 /* SSEClient.swift in Sources */ = {isa = PBXBuildFile; fileRef = AB000005; };
		AA000006 /* ThumbnailGenerator.swift in Sources */ = {isa = PBXBuildFile; fileRef = AB000006; };
		AA000007 /* AuthView.swift in Sources */ = {isa = PBXBuildFile; fileRef = AB000007; };
		AA000008 /* MainTabView.swift in Sources */ = {isa = PBXBuildFile; fileRef = AB000008; };
		AA000009 /* EditorView.swift in Sources */ = {isa = PBXBuildFile; fileRef = AB000009; };
		AA000010 /* MessageBubble.swift in Sources */ = {isa = PBXBuildFile; fileRef = AB000010; };
		AA000011 /* LibraryView.swift in Sources */ = {isa = PBXBuildFile; fileRef = AB000011; };
		AA000012 /* AccountView.swift in Sources */ = {isa = PBXBuildFile; fileRef = AB000012; };
		AA000013 /* Assets.xcassets in Resources */ = {isa = PBXBuildFile; fileRef = AB000013; };
		AA000015 /* VideoPicker.swift in Sources */ = {isa = PBXBuildFile; fileRef = AB000015; };
		AA000016 /* VideoCompressor.swift in Sources */ = {isa = PBXBuildFile; fileRef = AB000016; };
		AA000017 /* ChatService.swift in Sources */ = {isa = PBXBuildFile; fileRef = AB000017; };
		AA000018 /* ChatStore.swift in Sources */ = {isa = PBXBuildFile; fileRef = AB000018; };
		AA000019 /* ChatListView.swift in Sources */ = {isa = PBXBuildFile; fileRef = AB000019; };
		AA000020 /* AppShell.swift in Sources */ = {isa = PBXBuildFile; fileRef = AB000020; };
		AA000021 /* ThumbnailCache.swift in Sources */ = {isa = PBXBuildFile; fileRef = AB000021; };
		AA000022 /* BackgroundUploadManager.swift in Sources */ = {isa = PBXBuildFile; fileRef = AB000022; };
		AA000023 /* Sentry in Frameworks */ = {isa = PBXBuildFile; productRef = AJ000001 /* Sentry */; };
		AA000030 /* RevenueCat in Frameworks */ = {isa = PBXBuildFile; productRef = AJ000002 /* RevenueCat */; };
		AA000024 /* PushService.swift in Sources */ = {isa = PBXBuildFile; fileRef = AB000024; };
		AA000025 /* VideoCache.swift in Sources */ = {isa = PBXBuildFile; fileRef = AB000025; };
		AA000026 /* KeyboardDismiss.swift in Sources */ = {isa = PBXBuildFile; fileRef = AB000026; };
		AA000027 /* Theme.swift in Sources */ = {isa = PBXBuildFile; fileRef = AB000027; };
		AA000028 /* PromptlyVideoPlayer.swift in Sources */ = {isa = PBXBuildFile; fileRef = AB000028; };
		AA000029 /* VideoProxyExtractor.swift in Sources */ = {isa = PBXBuildFile; fileRef = AB000029; };
		AA000040 /* TalkingHeadPrecheck.swift in Sources */ = {isa = PBXBuildFile; fileRef = AB000030; };
		AA000031 /* ValidationSampleExtractor.swift in Sources */ = {isa = PBXBuildFile; fileRef = AB000031; };
		AA00002A /* ProfileAvatar.swift in Sources */ = {isa = PBXBuildFile; fileRef = AB00002A; };
		AA00002B /* VoiceInputSheet.swift in Sources */ = {isa = PBXBuildFile; fileRef = AB00002B; };
		AA00002C /* SubscriptionService.swift in Sources */ = {isa = PBXBuildFile; fileRef = AB00002C; };
		AA00002D /* UsageService.swift in Sources */ = {isa = PBXBuildFile; fileRef = AB00002D; };
		AA00002E /* PaywallView.swift in Sources */ = {isa = PBXBuildFile; fileRef = AB00002E; };
		AA00002F /* OtpInputView.swift in Sources */ = {isa = PBXBuildFile; fileRef = AB00002F; };
		AA000041 /* ReachabilityMonitor.swift in Sources */ = {isa = PBXBuildFile; fileRef = AB000032; };
		AA000042 /* JobDispatchCoordinator.swift in Sources */ = {isa = PBXBuildFile; fileRef = AB000033; };
		AA000050 /* TricklePacing.swift in Sources */ = {isa = PBXBuildFile; fileRef = AB000050; };
		AA000051 /* FeedbackGate.swift in Sources */ = {isa = PBXBuildFile; fileRef = AB000051; };
		AA000052 /* FeedbackManager.swift in Sources */ = {isa = PBXBuildFile; fileRef = AB000052; };
		AA000053 /* FeedbackPromptView.swift in Sources */ = {isa = PBXBuildFile; fileRef = AB000053; };
		AA000054 /* VideoModel.swift in Sources */ = {isa = PBXBuildFile; fileRef = AB000054; };
		AA000055 /* ModelService.swift in Sources */ = {isa = PBXBuildFile; fileRef = AB000055; };
		AA000056 /* ModelPicker.swift in Sources */ = {isa = PBXBuildFile; fileRef = AB000056; };
		AA000057 /* AskPayload.swift in Sources */ = {isa = PBXBuildFile; fileRef = AB000057; };
		AA000058 /* AskCard.swift in Sources */ = {isa = PBXBuildFile; fileRef = AB000058; };
		AA000059 /* AnalyticsService.swift in Sources */ = {isa = PBXBuildFile; fileRef = AB000059; };
		AA000060 /* TrialCopy.swift in Sources */ = {isa = PBXBuildFile; fileRef = AB000060; };
		AA000061 /* PaywallRouting.swift in Sources */ = {isa = PBXBuildFile; fileRef = AB000061; };
		AA000062 /* EntitlementTier.swift in Sources */ = {isa = PBXBuildFile; fileRef = AB000062; };

		AC000001 /* Promptly.app */ = {isa = PBXFileReference; explicitFileType = wrapper.application; includeInIndex = 0; path = "Promptly.app"; sourceTree = BUILT_PRODUCTS_DIR; };
		AB000001 /* PromptlyApp.swift */ = {isa = PBXFileReference; lastKnownFileType = sourcecode.swift; path = PromptlyApp.swift; sourceTree = "<group>"; };
		AB000002 /* Models.swift */ = {isa = PBXFileReference; lastKnownFileType = sourcecode.swift; path = Models.swift; sourceTree = "<group>"; };
		AB000003 /* AuthService.swift */ = {isa = PBXFileReference; lastKnownFileType = sourcecode.swift; path = AuthService.swift; sourceTree = "<group>"; };
		AB000004 /* APIService.swift */ = {isa = PBXFileReference; lastKnownFileType = sourcecode.swift; path = APIService.swift; sourceTree = "<group>"; };
		AB000005 /* SSEClient.swift */ = {isa = PBXFileReference; lastKnownFileType = sourcecode.swift; path = SSEClient.swift; sourceTree = "<group>"; };
		AB000006 /* ThumbnailGenerator.swift */ = {isa = PBXFileReference; lastKnownFileType = sourcecode.swift; path = ThumbnailGenerator.swift; sourceTree = "<group>"; };
		AB000007 /* AuthView.swift */ = {isa = PBXFileReference; lastKnownFileType = sourcecode.swift; path = AuthView.swift; sourceTree = "<group>"; };
		AB000008 /* MainTabView.swift */ = {isa = PBXFileReference; lastKnownFileType = sourcecode.swift; path = MainTabView.swift; sourceTree = "<group>"; };
		AB000009 /* EditorView.swift */ = {isa = PBXFileReference; lastKnownFileType = sourcecode.swift; path = EditorView.swift; sourceTree = "<group>"; };
		AB000010 /* MessageBubble.swift */ = {isa = PBXFileReference; lastKnownFileType = sourcecode.swift; path = MessageBubble.swift; sourceTree = "<group>"; };
		AB000050 /* TricklePacing.swift */ = {isa = PBXFileReference; lastKnownFileType = sourcecode.swift; path = TricklePacing.swift; sourceTree = "<group>"; };
		AB000051 /* FeedbackGate.swift */ = {isa = PBXFileReference; lastKnownFileType = sourcecode.swift; path = FeedbackGate.swift; sourceTree = "<group>"; };
		AB000052 /* FeedbackManager.swift */ = {isa = PBXFileReference; lastKnownFileType = sourcecode.swift; path = FeedbackManager.swift; sourceTree = "<group>"; };
		AB000053 /* FeedbackPromptView.swift */ = {isa = PBXFileReference; lastKnownFileType = sourcecode.swift; path = FeedbackPromptView.swift; sourceTree = "<group>"; };
		AB000054 /* VideoModel.swift */ = {isa = PBXFileReference; lastKnownFileType = sourcecode.swift; path = VideoModel.swift; sourceTree = "<group>"; };
		AB000055 /* ModelService.swift */ = {isa = PBXFileReference; lastKnownFileType = sourcecode.swift; path = ModelService.swift; sourceTree = "<group>"; };
		AB000056 /* ModelPicker.swift */ = {isa = PBXFileReference; lastKnownFileType = sourcecode.swift; path = ModelPicker.swift; sourceTree = "<group>"; };
		AB000057 /* AskPayload.swift */ = {isa = PBXFileReference; lastKnownFileType = sourcecode.swift; path = AskPayload.swift; sourceTree = "<group>"; };
		AB000058 /* AskCard.swift */ = {isa = PBXFileReference; lastKnownFileType = sourcecode.swift; path = AskCard.swift; sourceTree = "<group>"; };
		AB000011 /* LibraryView.swift */ = {isa = PBXFileReference; lastKnownFileType = sourcecode.swift; path = LibraryView.swift; sourceTree = "<group>"; };
		AB000012 /* AccountView.swift */ = {isa = PBXFileReference; lastKnownFileType = sourcecode.swift; path = AccountView.swift; sourceTree = "<group>"; };
		AB000013 /* Assets.xcassets */ = {isa = PBXFileReference; lastKnownFileType = folder.assetcatalog; path = Assets.xcassets; sourceTree = "<group>"; };
		AB000014 /* Info.plist */ = {isa = PBXFileReference; lastKnownFileType = text.plist.xml; path = Info.plist; sourceTree = "<group>"; };
		AB000015 /* VideoPicker.swift */ = {isa = PBXFileReference; lastKnownFileType = sourcecode.swift; path = VideoPicker.swift; sourceTree = "<group>"; };
		AB000016 /* VideoCompressor.swift */ = {isa = PBXFileReference; lastKnownFileType = sourcecode.swift; path = VideoCompressor.swift; sourceTree = "<group>"; };
		AB000017 /* ChatService.swift */ = {isa = PBXFileReference; lastKnownFileType = sourcecode.swift; path = ChatService.swift; sourceTree = "<group>"; };
		AB000018 /* ChatStore.swift */ = {isa = PBXFileReference; lastKnownFileType = sourcecode.swift; path = ChatStore.swift; sourceTree = "<group>"; };
		AB000019 /* ChatListView.swift */ = {isa = PBXFileReference; lastKnownFileType = sourcecode.swift; path = ChatListView.swift; sourceTree = "<group>"; };
		AB000020 /* AppShell.swift */ = {isa = PBXFileReference; lastKnownFileType = sourcecode.swift; path = AppShell.swift; sourceTree = "<group>"; };
		AB000021 /* ThumbnailCache.swift */ = {isa = PBXFileReference; lastKnownFileType = sourcecode.swift; path = ThumbnailCache.swift; sourceTree = "<group>"; };
		AB000022 /* BackgroundUploadManager.swift */ = {isa = PBXFileReference; lastKnownFileType = sourcecode.swift; path = BackgroundUploadManager.swift; sourceTree = "<group>"; };
		AB000024 /* PushService.swift */ = {isa = PBXFileReference; lastKnownFileType = sourcecode.swift; path = PushService.swift; sourceTree = "<group>"; };
		AB000025 /* VideoCache.swift */ = {isa = PBXFileReference; lastKnownFileType = sourcecode.swift; path = VideoCache.swift; sourceTree = "<group>"; };
		AB000026 /* KeyboardDismiss.swift */ = {isa = PBXFileReference; lastKnownFileType = sourcecode.swift; path = KeyboardDismiss.swift; sourceTree = "<group>"; };
		AB000027 /* Theme.swift */ = {isa = PBXFileReference; lastKnownFileType = sourcecode.swift; path = Theme.swift; sourceTree = "<group>"; };
		AB000028 /* PromptlyVideoPlayer.swift */ = {isa = PBXFileReference; lastKnownFileType = sourcecode.swift; path = PromptlyVideoPlayer.swift; sourceTree = "<group>"; };
		AB000029 /* VideoProxyExtractor.swift */ = {isa = PBXFileReference; lastKnownFileType = sourcecode.swift; path = VideoProxyExtractor.swift; sourceTree = "<group>"; };
		AB000030 /* TalkingHeadPrecheck.swift */ = {isa = PBXFileReference; lastKnownFileType = sourcecode.swift; path = TalkingHeadPrecheck.swift; sourceTree = "<group>"; };
		AB000031 /* ValidationSampleExtractor.swift */ = {isa = PBXFileReference; lastKnownFileType = sourcecode.swift; path = ValidationSampleExtractor.swift; sourceTree = "<group>"; };
		AB00002A /* ProfileAvatar.swift */ = {isa = PBXFileReference; lastKnownFileType = sourcecode.swift; path = ProfileAvatar.swift; sourceTree = "<group>"; };
		AB00002B /* VoiceInputSheet.swift */ = {isa = PBXFileReference; lastKnownFileType = sourcecode.swift; path = VoiceInputSheet.swift; sourceTree = "<group>"; };
		AB00002C /* SubscriptionService.swift */ = {isa = PBXFileReference; lastKnownFileType = sourcecode.swift; path = SubscriptionService.swift; sourceTree = "<group>"; };
		AB00002D /* UsageService.swift */ = {isa = PBXFileReference; lastKnownFileType = sourcecode.swift; path = UsageService.swift; sourceTree = "<group>"; };
		AB00002E /* PaywallView.swift */ = {isa = PBXFileReference; lastKnownFileType = sourcecode.swift; path = PaywallView.swift; sourceTree = "<group>"; };
		AB00002F /* OtpInputView.swift */ = {isa = PBXFileReference; lastKnownFileType = sourcecode.swift; path = OtpInputView.swift; sourceTree = "<group>"; };
		AB000032 /* ReachabilityMonitor.swift */ = {isa = PBXFileReference; lastKnownFileType = sourcecode.swift; path = ReachabilityMonitor.swift; sourceTree = "<group>"; };
		AB000033 /* JobDispatchCoordinator.swift */ = {isa = PBXFileReference; lastKnownFileType = sourcecode.swift; path = JobDispatchCoordinator.swift; sourceTree = "<group>"; };
		AB000059 /* AnalyticsService.swift */ = {isa = PBXFileReference; lastKnownFileType = sourcecode.swift; path = AnalyticsService.swift; sourceTree = "<group>"; };
		AB000060 /* TrialCopy.swift */ = {isa = PBXFileReference; lastKnownFileType = sourcecode.swift; path = TrialCopy.swift; sourceTree = "<group>"; };
		AB000061 /* PaywallRouting.swift */ = {isa = PBXFileReference; lastKnownFileType = sourcecode.swift; path = PaywallRouting.swift; sourceTree = "<group>"; };
		AB000062 /* EntitlementTier.swift */ = {isa = PBXFileReference; lastKnownFileType = sourcecode.swift; path = EntitlementTier.swift; sourceTree = "<group>"; };

		AD000001 = {isa = PBXFrameworksBuildPhase; buildActionMask = 2147483647; files = (AA000023 /* Sentry in Frameworks */, AA000030 /* RevenueCat in Frameworks */); runOnlyForDeploymentPostprocessing = 0; };

		AE000001 = {isa = PBXGroup; children = (AE000002, AE000006); sourceTree = "<group>"; };
		AE000002 = {isa = PBXGroup; children = (AB000001, AE000003, AE000004, AE000005, AB000013, AB000014); path = Promptly; sourceTree = "<group>"; };
		AE000003 = {isa = PBXGroup; children = (AB000002, AB000054, AB000057); path = Models; sourceTree = "<group>"; };
		AE000004 = {isa = PBXGroup; children = (AB000003, AB000004, AB000005, AB000006, AB000015, AB000016, AB000017, AB000018, AB000021, AB000022, AB000024, AB000025, AB000026, AB000027, AB000029, AB000030, AB000031, AB00002C, AB00002D, AB000032, AB000033, AB000055, AB000059, AB000060, AB000061, AB000062); path = Services; sourceTree = "<group>"; };
		AE000005 = {isa = PBXGroup; children = (AB000007, AB000008, AB000009, AB000010, AB000050, AB000051, AB000052, AB000053, AB000011, AB000012, AB000019, AB000020, AB000028, AB00002A, AB00002B, AB00002E, AB00002F, AB000056, AB000058); path = Views; sourceTree = "<group>"; };
		AE000006 = {isa = PBXGroup; children = (AC000001); name = Products; sourceTree = "<group>"; };

		AF000001 = {isa = PBXNativeTarget; buildConfigurationList = AG000003; buildPhases = (AF000002, AD000001, AF000003, AF000004); buildRules = (); dependencies = (); name = Promptly; packageProductDependencies = (AJ000001 /* Sentry */, AJ000002 /* RevenueCat */); productName = Promptly; productReference = AC000001; productType = "com.apple.product-type.application"; };
		AH000001 = {isa = PBXProject; attributes = {BuildIndependentTargetsInParallel = 1; LastSwiftUpdateCheck = 1540; LastUpgradeCheck = 1540; }; buildConfigurationList = AG000001; compatibilityVersion = "Xcode 14.0"; developmentRegion = en; hasScannedForEncodings = 0; knownRegions = (en, Base); mainGroup = AE000001; packageReferences = (AI000001 /* XCRemoteSwiftPackageReference "sentry-cocoa" */, AI000002 /* XCRemoteSwiftPackageReference "purchases-ios" */); productRefGroup = AE000006; projectDirPath = ""; projectRoot = ""; targets = (AF000001); };
		AF000003 = {isa = PBXResourcesBuildPhase; buildActionMask = 2147483647; files = (AA000013); runOnlyForDeploymentPostprocessing = 0; };
		AF000004 = {isa = PBXShellScriptBuildPhase; alwaysOutOfDate = 1; buildActionMask = 2147483647; files = (); inputFileListPaths = (); inputPaths = (); name = "Upload dSYMs to Sentry"; outputFileListPaths = (); outputPaths = (); runOnlyForDeploymentPostprocessing = 0; shellPath = /bin/sh; shellScript = "\"${SRCROOT}/Scripts/upload-sentry-dsyms.sh\"\n"; };
		AF000002 = {isa = PBXSourcesBuildPhase; buildActionMask = 2147483647; files = (AA000001, AA000002, AA000003, AA000004, AA000005, AA000006, AA000015, AA000016, AA000007, AA000008, AA000009, AA000010, AA000011, AA000012, AA000017, AA000018, AA000019, AA000020, AA000021, AA000022, AA000024, AA000025, AA000026, AA000027, AA000028, AA000029, AA000040, AA000031, AA00002A, AA00002B, AA00002C, AA00002D, AA00002E, AA00002F, AA000041, AA000042, AA000050, AA000051, AA000052, AA000053, AA000054, AA000055, AA000056, AA000057, AA000058, AA000059, AA000060, AA000061, AA000062); runOnlyForDeploymentPostprocessing = 0; };

		AG000002 = {isa = XCBuildConfiguration; buildSettings = {ALWAYS_SEARCH_USER_PATHS = NO; CLANG_ANALYZER_NONNULL = YES; CLANG_ENABLE_MODULES = YES; CLANG_ENABLE_OBJC_ARC = YES; COPY_PHASE_STRIP = NO; DEBUG_INFORMATION_FORMAT = dwarf; ENABLE_STRICT_OBJC_MSGSEND = YES; ENABLE_TESTABILITY = YES; GCC_DYNAMIC_NO_PIC = NO; GCC_OPTIMIZATION_LEVEL = 0; GCC_PREPROCESSOR_DEFINITIONS = ("DEBUG=1", "$(inherited)"); IPHONEOS_DEPLOYMENT_TARGET = 18.0; MTL_ENABLE_DEBUG_INFO = INCLUDE_SOURCE; ONLY_ACTIVE_ARCH = YES; SDKROOT = iphoneos; SWIFT_ACTIVE_COMPILATION_CONDITIONS = DEBUG; SWIFT_OPTIMIZATION_LEVEL = "-Onone"; }; name = Debug; };
		AG000004 = {isa = XCBuildConfiguration; buildSettings = {ALWAYS_SEARCH_USER_PATHS = NO; CLANG_ANALYZER_NONNULL = YES; CLANG_ENABLE_MODULES = YES; CLANG_ENABLE_OBJC_ARC = YES; COPY_PHASE_STRIP = NO; DEBUG_INFORMATION_FORMAT = "dwarf-with-dsym"; ENABLE_NS_ASSERTIONS = NO; ENABLE_STRICT_OBJC_MSGSEND = YES; GCC_OPTIMIZATION_LEVEL = s; IPHONEOS_DEPLOYMENT_TARGET = 18.0; MTL_ENABLE_DEBUG_INFO = NO; SDKROOT = iphoneos; SWIFT_COMPILATION_MODE = wholemodule; SWIFT_OPTIMIZATION_LEVEL = "-O"; VALIDATE_PRODUCT = YES; }; name = Release; };
		AG000005 = {isa = XCBuildConfiguration; buildSettings = {ASSETCATALOG_COMPILER_APPICON_NAME = AppIcon; CODE_SIGN_ENTITLEMENTS = Promptly/Promptly.entitlements; CODE_SIGN_STYLE = Automatic; CURRENT_PROJECT_VERSION = 205; DEVELOPMENT_TEAM = 8KT9332327; GENERATE_INFOPLIST_FILE = NO; INFOPLIST_FILE = Promptly/Info.plist; INFOPLIST_KEY_UIApplicationSceneManifest_Generation = YES; INFOPLIST_KEY_UIApplicationSupportsIndirectInputEvents = YES; INFOPLIST_KEY_UILaunchScreen_Generation = YES; INFOPLIST_KEY_UISupportedInterfaceOrientations = "UIInterfaceOrientationPortrait UIInterfaceOrientationLandscapeLeft UIInterfaceOrientationLandscapeRight"; INFOPLIST_KEY_UISupportedInterfaceOrientations_iPad = "UIInterfaceOrientationPortrait UIInterfaceOrientationPortraitUpsideDown UIInterfaceOrientationLandscapeLeft UIInterfaceOrientationLandscapeRight"; LD_RUNPATH_SEARCH_PATHS = ("$(inherited)", "@executable_path/Frameworks"); MARKETING_VERSION = 1.1.5; PRODUCT_BUNDLE_IDENTIFIER = app.usepromptly.ios; PRODUCT_NAME = "$(TARGET_NAME)"; SWIFT_EMIT_LOC_STRINGS = YES; SWIFT_VERSION = 5.0; TARGETED_DEVICE_FAMILY = "1,2"; }; name = Debug; };
		AG000006 = {isa = XCBuildConfiguration; buildSettings = {ASSETCATALOG_COMPILER_APPICON_NAME = AppIcon; CODE_SIGN_ENTITLEMENTS = Promptly/Promptly.entitlements; CODE_SIGN_STYLE = Automatic; CURRENT_PROJECT_VERSION = 205; DEVELOPMENT_TEAM = 8KT9332327; GENERATE_INFOPLIST_FILE = NO; INFOPLIST_FILE = Promptly/Info.plist; INFOPLIST_KEY_UIApplicationSceneManifest_Generation = YES; INFOPLIST_KEY_UIApplicationSupportsIndirectInputEvents = YES; INFOPLIST_KEY_UILaunchScreen_Generation = YES; INFOPLIST_KEY_UISupportedInterfaceOrientations = "UIInterfaceOrientationPortrait UIInterfaceOrientationLandscapeLeft UIInterfaceOrientationLandscapeRight"; INFOPLIST_KEY_UISupportedInterfaceOrientations_iPad = "UIInterfaceOrientationPortrait UIInterfaceOrientationPortraitUpsideDown UIInterfaceOrientationLandscapeLeft UIInterfaceOrientationLandscapeRight"; LD_RUNPATH_SEARCH_PATHS = ("$(inherited)", "@executable_path/Frameworks"); MARKETING_VERSION = 1.1.5; PRODUCT_BUNDLE_IDENTIFIER = app.usepromptly.ios; PRODUCT_NAME = "$(TARGET_NAME)"; SWIFT_EMIT_LOC_STRINGS = YES; SWIFT_VERSION = 5.0; TARGETED_DEVICE_FAMILY = "1,2"; }; name = Release; };
		AG000001 = {isa = XCConfigurationList; buildConfigurations = (AG000002, AG000004); defaultConfigurationIsVisible = 0; defaultConfigurationName = Release; };
		AG000003 = {isa = XCConfigurationList; buildConfigurations = (AG000005, AG000006); defaultConfigurationIsVisible = 0; defaultConfigurationName = Release; };

		AI000001 /* XCRemoteSwiftPackageReference "sentry-cocoa" */ = {isa = XCRemoteSwiftPackageReference; repositoryURL = "https://github.com/getsentry/sentry-cocoa"; requirement = {kind = upToNextMajorVersion; minimumVersion = 8.36.0; }; };
		AI000002 /* XCRemoteSwiftPackageReference "purchases-ios" */ = {isa = XCRemoteSwiftPackageReference; repositoryURL = "https://github.com/RevenueCat/purchases-ios"; requirement = {kind = upToNextMajorVersion; minimumVersion = 5.0.0; }; };

		AJ000001 /* Sentry */ = {isa = XCSwiftPackageProductDependency; package = AI000001 /* XCRemoteSwiftPackageReference "sentry-cocoa" */; productName = Sentry; };
		AJ000002 /* RevenueCat */ = {isa = XCSwiftPackageProductDependency; package = AI000002 /* XCRemoteSwiftPackageReference "purchases-ios" */; productName = RevenueCat; };

	};
	rootObject = AH000001;
}
